
Microsoft Visual Studio Solution File, Format Version 12.00
# Visual Studio Version 17
VisualStudioVersion = 17.11.35312.102
MinimumVisualStudioVersion = 10.0.40219.1
Project("{FAE04EC0-301F-11D3-BF4B-00C04F79EFBC}") = "Home Task1", "Home Task1.csproj", "{7C88E929-C23D-496E-A995-90B4EF71A0A8}"
EndProject
Global
	GlobalSection(SolutionConfigurationPlatforms) = preSolution
		Debug|Any CPU = Debug|Any CPU
		Release|Any CPU = Release|Any CPU
	EndGlobalSection
	GlobalSection(ProjectConfigurationPlatforms) = postSolution
		{7C88E929-C23D-496E-A995-90B4EF71A0A8}.Debug|Any CPU.ActiveCfg = Debug|Any CPU
		{7C88E929-C23D-496E-A995-90B4EF71A0A8}.Debug|Any CPU.Build.0 = Debug|Any CPU
		{7C88E929-C23D-496E-A995-90B4EF71A0A8}.Release|Any CPU.ActiveCfg = Release|Any CPU
		{7C88E929-C23D-496E-A995-90B4EF71A0A8}.Release|Any CPU.Build.0 = Release|Any CPU
	EndGlobalSection
	GlobalSection(SolutionProperties) = preSolution
		HideSolutionNode = FALSE
	EndGlobalSection
	GlobalSection(ExtensibilityGlobals) = postSolution
		SolutionGuid = {170F5C87-8EC0-4F43-A689-18FAF2304303}
	EndGlobalSection
EndGlobal
